
Microsoft Visual Studio Solution File, Format Version 12.00
# Visual Studio Version 16
VisualStudioVersion = 16.0.30621.155
MinimumVisualStudioVersion = 10.0.40219.1
Project("{FAE04EC0-301F-11D3-BF4B-00C04F79EFBC}") = "MedicalMonitoring", "MedicalMonitoring\MedicalMonitoring.csproj", "{88A6576D-21C4-4670-A6CF-8431F94A5C21}"
EndProject
Global
	GlobalSection(SolutionConfigurationPlatforms) = preSolution
		Debug|Any CPU = Debug|Any CPU
		Release|Any CPU = Release|Any CPU
	EndGlobalSection
	GlobalSection(ProjectConfigurationPlatforms) = postSolution
		{88A6576D-21C4-4670-A6CF-8431F94A5C21}.Debug|Any CPU.ActiveCfg = Debug|Any CPU
		{88A6576D-21C4-4670-A6CF-8431F94A5C21}.Debug|Any CPU.Build.0 = Debug|Any CPU
		{88A6576D-21C4-4670-A6CF-8431F94A5C21}.Release|Any CPU.ActiveCfg = Release|Any CPU
		{88A6576D-21C4-4670-A6CF-8431F94A5C21}.Release|Any CPU.Build.0 = Release|Any CPU
	EndGlobalSection
	GlobalSection(SolutionProperties) = preSolution
		HideSolutionNode = FALSE
	EndGlobalSection
	GlobalSection(ExtensibilityGlobals) = postSolution
		SolutionGuid = {1FB84C74-907E-4F0A-8710-DFEE19DC61B8}
	EndGlobalSection
EndGlobal
